
Microsoft Visual Studio Solution File, Format Version 12.00
# Visual Studio Version 17
VisualStudioVersion = 17.4.33205.214
MinimumVisualStudioVersion = 10.0.40219.1
Project("{FAE04EC0-301F-11D3-BF4B-00C04F79EFBC}") = "FloviaRestaurant", "FloviaRestaurant\FloviaRestaurant.csproj", "{4193C680-525B-4EA3-AEBA-CD5FE51A4536}"
EndProject
Global
	GlobalSection(SolutionConfigurationPlatforms) = preSolution
		Debug|Any CPU = Debug|Any CPU
		Release|Any CPU = Release|Any CPU
	EndGlobalSection
	GlobalSection(ProjectConfigurationPlatforms) = postSolution
		{4193C680-525B-4EA3-AEBA-CD5FE51A4536}.Debug|Any CPU.ActiveCfg = Debug|Any CPU
		{4193C680-525B-4EA3-AEBA-CD5FE51A4536}.Debug|Any CPU.Build.0 = Debug|Any CPU
		{4193C680-525B-4EA3-AEBA-CD5FE51A4536}.Release|Any CPU.ActiveCfg = Release|Any CPU
		{4193C680-525B-4EA3-AEBA-CD5FE51A4536}.Release|Any CPU.Build.0 = Release|Any CPU
	EndGlobalSection
	GlobalSection(SolutionProperties) = preSolution
		HideSolutionNode = FALSE
	EndGlobalSection
	GlobalSection(ExtensibilityGlobals) = postSolution
		SolutionGuid = {3A127672-7A1D-4F10-97C7-B05F47FBD031}
	EndGlobalSection
EndGlobal
